Microsoft Visual Studio Solution File, Format Version 12.00
# Visual Studio Version 17
VisualStudioVersion = 17.5.2.0
MinimumVisualStudioVersion = 10.0.40219.1
Project("{FAE04EC0-301F-11D3-BF4B-00C04F79EFBC}") = "demo-todo-api", "demo-todo-api.csproj", "{0100E5FA-C52D-5E7A-41F9-8E85EAE05192}"
EndProject
Global
	GlobalSection(SolutionConfigurationPlatforms) = preSolution
		Debug|Any CPU = Debug|Any CPU
		Release|Any CPU = Release|Any CPU
	EndGlobalSection
	GlobalSection(ProjectConfigurationPlatforms) = postSolution
		{0100E5FA-C52D-5E7A-41F9-8E85EAE05192}.Debug|Any CPU.ActiveCfg = Debug|Any CPU
		{0100E5FA-C52D-5E7A-41F9-8E85EAE05192}.Debug|Any CPU.Build.0 = Debug|Any CPU
		{0100E5FA-C52D-5E7A-41F9-8E85EAE05192}.Release|Any CPU.ActiveCfg = Release|Any CPU
		{0100E5FA-C52D-5E7A-41F9-8E85EAE05192}.Release|Any CPU.Build.0 = Release|Any CPU
	EndGlobalSection
	GlobalSection(SolutionProperties) = preSolution
		HideSolutionNode = FALSE
	EndGlobalSection
	GlobalSection(ExtensibilityGlobals) = postSolution
		SolutionGuid = {51DE6A6B-6A52-4DB2-B7CB-0777125246E8}
	EndGlobalSection
EndGlobal
